
Microsoft Visual Studio Solution File, Format Version 12.00
# Visual Studio Version 16
VisualStudioVersion = 16.0.28922.388
MinimumVisualStudioVersion = 10.0.40219.1
Project("{FAE04EC0-301F-11D3-BF4B-00C04F79EFBC}") = "ModelagemSoftware", "ModelagemSoftware\ModelagemSoftware.csproj", "{F4B19746-C613-46E5-AE2E-A0FF06FDD0CB}"
EndProject
Global
	GlobalSection(SolutionConfigurationPlatforms) = preSolution
		Debug|Any CPU = Debug|Any CPU
		Release|Any CPU = Release|Any CPU
	EndGlobalSection
	GlobalSection(ProjectConfigurationPlatforms) = postSolution
		{F4B19746-C613-46E5-AE2E-A0FF06FDD0CB}.Debug|Any CPU.ActiveCfg = Debug|Any CPU
		{F4B19746-C613-46E5-AE2E-A0FF06FDD0CB}.Debug|Any CPU.Build.0 = Debug|Any CPU
		{F4B19746-C613-46E5-AE2E-A0FF06FDD0CB}.Release|Any CPU.ActiveCfg = Release|Any CPU
		{F4B19746-C613-46E5-AE2E-A0FF06FDD0CB}.Release|Any CPU.Build.0 = Release|Any CPU
	EndGlobalSection
	GlobalSection(SolutionProperties) = preSolution
		HideSolutionNode = FALSE
	EndGlobalSection
	GlobalSection(ExtensibilityGlobals) = postSolution
		SolutionGuid = {B6B802E6-D1AF-4BA3-AABB-9B83EAF1E049}
	EndGlobalSection
EndGlobal
